
Microsoft Visual Studio Solution File, Format Version 12.00
# Visual Studio Version 17
VisualStudioVersion = 17.8.34525.116
MinimumVisualStudioVersion = 10.0.40219.1
Project("{2150E333-8FDC-42A3-9474-1A3956D46DE8}") = "Basic", "Basic", "{7FD79669-292A-4E9D-BA37-95DD3EAC923E}"
EndProject
Project("{FAE04EC0-301F-11D3-BF4B-00C04F79EFBC}") = "CangYanLuoZhao.Framework.ToolBox.Basic", "CangYanLuoZhao.Framework.ToolBox.Basic\CangYanLuoZhao.Framework.ToolBox.Basic.csproj", "{91A784F0-2D1F-4A41-9053-BE7B3DF257E7}"
EndProject
Global
	GlobalSection(SolutionConfigurationPlatforms) = preSolution
		Debug|Any CPU = Debug|Any CPU
		Release|Any CPU = Release|Any CPU
	EndGlobalSection
	GlobalSection(ProjectConfigurationPlatforms) = postSolution
		{91A784F0-2D1F-4A41-9053-BE7B3DF257E7}.Debug|Any CPU.ActiveCfg = Debug|Any CPU
		{91A784F0-2D1F-4A41-9053-BE7B3DF257E7}.Debug|Any CPU.Build.0 = Debug|Any CPU
		{91A784F0-2D1F-4A41-9053-BE7B3DF257E7}.Release|Any CPU.ActiveCfg = Release|Any CPU
		{91A784F0-2D1F-4A41-9053-BE7B3DF257E7}.Release|Any CPU.Build.0 = Release|Any CPU
	EndGlobalSection
	GlobalSection(SolutionProperties) = preSolution
		HideSolutionNode = FALSE
	EndGlobalSection
	GlobalSection(NestedProjects) = preSolution
		{91A784F0-2D1F-4A41-9053-BE7B3DF257E7} = {7FD79669-292A-4E9D-BA37-95DD3EAC923E}
	EndGlobalSection
	GlobalSection(ExtensibilityGlobals) = postSolution
		SolutionGuid = {241449BB-5D7E-4706-A21D-41B6BB6D614C}
	EndGlobalSection
EndGlobal
